// !$*UTF8*$!
{
	archiveVersion = 1;
	classes = {
	};
	objectVersion = 56;
	objects = {

/* Begin PBXBuildFile section */
		000000000000000000000011 /* CoachEngine.swift in Sources */ = {isa = PBXBuildFile; fileRef = 000000000000000000000010 /* CoachEngine.swift */; };
		000000000000000000000013 /* CoachModels.swift in Sources */ = {isa = PBXBuildFile; fileRef = 000000000000000000000012 /* CoachModels.swift */; };
		000000000000000000000015 /* CoachViews.swift in Sources */ = {isa = PBXBuildFile; fileRef = 000000000000000000000014 /* CoachViews.swift */; };
		000000000000000000000017 /* Components.swift in Sources */ = {isa = PBXBuildFile; fileRef = 000000000000000000000016 /* Components.swift */; };
		000000000000000000000019 /* Content.swift in Sources */ = {isa = PBXBuildFile; fileRef = 000000000000000000000018 /* Content.swift */; };
		00000000000000000000001B /* ContentBiblical.swift in Sources */ = {isa = PBXBuildFile; fileRef = 00000000000000000000001A /* ContentBiblical.swift */; };
		00000000000000000000001D /* ContentQuranic.swift in Sources */ = {isa = PBXBuildFile; fileRef = 00000000000000000000001C /* ContentQuranic.swift */; };
		00000000000000000000001F /* ContentSecular.swift in Sources */ = {isa = PBXBuildFile; fileRef = 00000000000000000000001E /* ContentSecular.swift */; };
		000000000000000000000021 /* ContentVedic.swift in Sources */ = {isa = PBXBuildFile; fileRef = 000000000000000000000020 /* ContentVedic.swift */; };
		000000000000000000000023 /* CryptoService.swift in Sources */ = {isa = PBXBuildFile; fileRef = 000000000000000000000022 /* CryptoService.swift */; };
		000000000000000000000025 /* DemoSeed.swift in Sources */ = {isa = PBXBuildFile; fileRef = 000000000000000000000024 /* DemoSeed.swift */; };
		000000000000000000000027 /* ExportService.swift in Sources */ = {isa = PBXBuildFile; fileRef = 000000000000000000000026 /* ExportService.swift */; };
		000000000000000000000029 /* HomeViews.swift in Sources */ = {isa = PBXBuildFile; fileRef = 000000000000000000000028 /* HomeViews.swift */; };
		00000000000000000000002B /* JournalView.swift in Sources */ = {isa = PBXBuildFile; fileRef = 00000000000000000000002A /* JournalView.swift */; };
		00000000000000000000002D /* MainTabView.swift in Sources */ = {isa = PBXBuildFile; fileRef = 00000000000000000000002C /* MainTabView.swift */; };
		00000000000000000000002F /* Models.swift in Sources */ = {isa = PBXBuildFile; fileRef = 00000000000000000000002E /* Models.swift */; };
		000000000000000000000031 /* NotificationService.swift in Sources */ = {isa = PBXBuildFile; fileRef = 000000000000000000000030 /* NotificationService.swift */; };
		000000000000000000000033 /* NotificationViews.swift in Sources */ = {isa = PBXBuildFile; fileRef = 000000000000000000000032 /* NotificationViews.swift */; };
		000000000000000000000035 /* OnboardingViews.swift in Sources */ = {isa = PBXBuildFile; fileRef = 000000000000000000000034 /* OnboardingViews.swift */; };
		000000000000000000000037 /* PairingViews.swift in Sources */ = {isa = PBXBuildFile; fileRef = 000000000000000000000036 /* PairingViews.swift */; };
		000000000000000000000039 /* PaywallView.swift in Sources */ = {isa = PBXBuildFile; fileRef = 000000000000000000000038 /* PaywallView.swift */; };
		00000000000000000000003B /* PulseViews.swift in Sources */ = {isa = PBXBuildFile; fileRef = 00000000000000000000003A /* PulseViews.swift */; };
		00000000000000000000003D /* Purchases.swift in Sources */ = {isa = PBXBuildFile; fileRef = 00000000000000000000003C /* Purchases.swift */; };
		00000000000000000000003F /* Safety.swift in Sources */ = {isa = PBXBuildFile; fileRef = 00000000000000000000003E /* Safety.swift */; };
		000000000000000000000041 /* SplashView.swift in Sources */ = {isa = PBXBuildFile; fileRef = 000000000000000000000040 /* SplashView.swift */; };
		000000000000000000000043 /* Store.swift in Sources */ = {isa = PBXBuildFile; fileRef = 000000000000000000000042 /* Store.swift */; };
		000000000000000000000045 /* TetherApp.swift in Sources */ = {isa = PBXBuildFile; fileRef = 000000000000000000000044 /* TetherApp.swift */; };
		000000000000000000000047 /* TetherArt.swift in Sources */ = {isa = PBXBuildFile; fileRef = 000000000000000000000046 /* TetherArt.swift */; };
		000000000000000000000049 /* TetherIcons.swift in Sources */ = {isa = PBXBuildFile; fileRef = 000000000000000000000048 /* TetherIcons.swift */; };
		00000000000000000000004B /* Theme.swift in Sources */ = {isa = PBXBuildFile; fileRef = 00000000000000000000004A /* Theme.swift */; };
		00000000000000000000004D /* VoiceInput.swift in Sources */ = {isa = PBXBuildFile; fileRef = 00000000000000000000004C /* VoiceInput.swift */; };
		00000000000000000000004F /* Assets.xcassets in Resources */ = {isa = PBXBuildFile; fileRef = 00000000000000000000004E /* Assets.xcassets */; };
/* End PBXBuildFile section */

/* Begin PBXFileReference section */
		000000000000000000000003 /* Tether.app */ = {isa = PBXFileReference; explicitFileType = wrapper.application; includeInIndex = 0; path = Tether.app; sourceTree = BUILT_PRODUCTS_DIR; };
		000000000000000000000010 /* CoachEngine.swift */ = {isa = PBXFileReference; lastKnownFileType = sourcecode.swift; path = CoachEngine.swift; sourceTree = "<group>"; };
		000000000000000000000012 /* CoachModels.swift */ = {isa = PBXFileReference; lastKnownFileType = sourcecode.swift; path = CoachModels.swift; sourceTree = "<group>"; };
		000000000000000000000014 /* CoachViews.swift */ = {isa = PBXFileReference; lastKnownFileType = sourcecode.swift; path = CoachViews.swift; sourceTree = "<group>"; };
		000000000000000000000016 /* Components.swift */ = {isa = PBXFileReference; lastKnownFileType = sourcecode.swift; path = Components.swift; sourceTree = "<group>"; };
		000000000000000000000018 /* Content.swift */ = {isa = PBXFileReference; lastKnownFileType = sourcecode.swift; path = Content.swift; sourceTree = "<group>"; };
		00000000000000000000001A /* ContentBiblical.swift */ = {isa = PBXFileReference; lastKnownFileType = sourcecode.swift; path = ContentBiblical.swift; sourceTree = "<group>"; };
		00000000000000000000001C /* ContentQuranic.swift */ = {isa = PBXFileReference; lastKnownFileType = sourcecode.swift; path = ContentQuranic.swift; sourceTree = "<group>"; };
		00000000000000000000001E /* ContentSecular.swift */ = {isa = PBXFileReference; lastKnownFileType = sourcecode.swift; path = ContentSecular.swift; sourceTree = "<group>"; };
		000000000000000000000020 /* ContentVedic.swift */ = {isa = PBXFileReference; lastKnownFileType = sourcecode.swift; path = ContentVedic.swift; sourceTree = "<group>"; };
		000000000000000000000022 /* CryptoService.swift */ = {isa = PBXFileReference; lastKnownFileType = sourcecode.swift; path = CryptoService.swift; sourceTree = "<group>"; };
		000000000000000000000024 /* DemoSeed.swift */ = {isa = PBXFileReference; lastKnownFileType = sourcecode.swift; path = DemoSeed.swift; sourceTree = "<group>"; };
		000000000000000000000026 /* ExportService.swift */ = {isa = PBXFileReference; lastKnownFileType = sourcecode.swift; path = ExportService.swift; sourceTree = "<group>"; };
		000000000000000000000028 /* HomeViews.swift */ = {isa = PBXFileReference; lastKnownFileType = sourcecode.swift; path = HomeViews.swift; sourceTree = "<group>"; };
		00000000000000000000002A /* JournalView.swift */ = {isa = PBXFileReference; lastKnownFileType = sourcecode.swift; path = JournalView.swift; sourceTree = "<group>"; };
		00000000000000000000002C /* MainTabView.swift */ = {isa = PBXFileReference; lastKnownFileType = sourcecode.swift; path = MainTabView.swift; sourceTree = "<group>"; };
		00000000000000000000002E /* Models.swift */ = {isa = PBXFileReference; lastKnownFileType = sourcecode.swift; path = Models.swift; sourceTree = "<group>"; };
		000000000000000000000030 /* NotificationService.swift */ = {isa = PBXFileReference; lastKnownFileType = sourcecode.swift; path = NotificationService.swift; sourceTree = "<group>"; };
		000000000000000000000032 /* NotificationViews.swift */ = {isa = PBXFileReference; lastKnownFileType = sourcecode.swift; path = NotificationViews.swift; sourceTree = "<group>"; };
		000000000000000000000034 /* OnboardingViews.swift */ = {isa = PBXFileReference; lastKnownFileType = sourcecode.swift; path = OnboardingViews.swift; sourceTree = "<group>"; };
		000000000000000000000036 /* PairingViews.swift */ = {isa = PBXFileReference; lastKnownFileType = sourcecode.swift; path = PairingViews.swift; sourceTree = "<group>"; };
		000000000000000000000038 /* PaywallView.swift */ = {isa = PBXFileReference; lastKnownFileType = sourcecode.swift; path = PaywallView.swift; sourceTree = "<group>"; };
		00000000000000000000003A /* PulseViews.swift */ = {isa = PBXFileReference; lastKnownFileType = sourcecode.swift; path = PulseViews.swift; sourceTree = "<group>"; };
		00000000000000000000003C /* Purchases.swift */ = {isa = PBXFileReference; lastKnownFileType = sourcecode.swift; path = Purchases.swift; sourceTree = "<group>"; };
		00000000000000000000003E /* Safety.swift */ = {isa = PBXFileReference; lastKnownFileType = sourcecode.swift; path = Safety.swift; sourceTree = "<group>"; };
		000000000000000000000040 /* SplashView.swift */ = {isa = PBXFileReference; lastKnownFileType = sourcecode.swift; path = SplashView.swift; sourceTree = "<group>"; };
		000000000000000000000042 /* Store.swift */ = {isa = PBXFileReference; lastKnownFileType = sourcecode.swift; path = Store.swift; sourceTree = "<group>"; };
		000000000000000000000044 /* TetherApp.swift */ = {isa = PBXFileReference; lastKnownFileType = sourcecode.swift; path = TetherApp.swift; sourceTree = "<group>"; };
		000000000000000000000046 /* TetherArt.swift */ = {isa = PBXFileReference; lastKnownFileType = sourcecode.swift; path = TetherArt.swift; sourceTree = "<group>"; };
		000000000000000000000048 /* TetherIcons.swift */ = {isa = PBXFileReference; lastKnownFileType = sourcecode.swift; path = TetherIcons.swift; sourceTree = "<group>"; };
		00000000000000000000004A /* Theme.swift */ = {isa = PBXFileReference; lastKnownFileType = sourcecode.swift; path = Theme.swift; sourceTree = "<group>"; };
		00000000000000000000004C /* VoiceInput.swift */ = {isa = PBXFileReference; lastKnownFileType = sourcecode.swift; path = VoiceInput.swift; sourceTree = "<group>"; };
		00000000000000000000004E /* Assets.xcassets */ = {isa = PBXFileReference; lastKnownFileType = folder.assetcatalog; path = Assets.xcassets; sourceTree = "<group>"; };
/* End PBXFileReference section */

/* Begin PBXFrameworksBuildPhase section */
		000000000000000000000008 /* Frameworks */ = {
			isa = PBXFrameworksBuildPhase;
			buildActionMask = 2147483647;
			files = (
			);
			runOnlyForDeploymentPostprocessing = 0;
		};
/* End PBXFrameworksBuildPhase section */

/* Begin PBXGroup section */
		000000000000000000000004 = {
			isa = PBXGroup;
			children = (
				000000000000000000000006 /* Tether */,
				000000000000000000000005 /* Products */,
			);
			sourceTree = "<group>";
		};
		000000000000000000000005 /* Products */ = {
			isa = PBXGroup;
			children = (
				000000000000000000000003 /* Tether.app */,
			);
			name = Products;
			sourceTree = "<group>";
		};
		000000000000000000000006 /* Tether */ = {
			isa = PBXGroup;
			children = (
				00000000000000000000004E /* Assets.xcassets */,
				000000000000000000000010 /* CoachEngine.swift */,
				000000000000000000000012 /* CoachModels.swift */,
				000000000000000000000014 /* CoachViews.swift */,
				000000000000000000000016 /* Components.swift */,
				000000000000000000000018 /* Content.swift */,
				00000000000000000000001A /* ContentBiblical.swift */,
				00000000000000000000001C /* ContentQuranic.swift */,
				00000000000000000000001E /* ContentSecular.swift */,
				000000000000000000000020 /* ContentVedic.swift */,
				000000000000000000000022 /* CryptoService.swift */,
				000000000000000000000024 /* DemoSeed.swift */,
				000000000000000000000026 /* ExportService.swift */,
				000000000000000000000028 /* HomeViews.swift */,
				00000000000000000000002A /* JournalView.swift */,
				00000000000000000000002C /* MainTabView.swift */,
				00000000000000000000002E /* Models.swift */,
				000000000000000000000030 /* NotificationService.swift */,
				000000000000000000000032 /* NotificationViews.swift */,
				000000000000000000000034 /* OnboardingViews.swift */,
				000000000000000000000036 /* PairingViews.swift */,
				000000000000000000000038 /* PaywallView.swift */,
				00000000000000000000003A /* PulseViews.swift */,
				00000000000000000000003C /* Purchases.swift */,
				00000000000000000000003E /* Safety.swift */,
				000000000000000000000040 /* SplashView.swift */,
				000000000000000000000042 /* Store.swift */,
				000000000000000000000044 /* TetherApp.swift */,
				000000000000000000000046 /* TetherArt.swift */,
				000000000000000000000048 /* TetherIcons.swift */,
				00000000000000000000004A /* Theme.swift */,
				00000000000000000000004C /* VoiceInput.swift */,
			);
			path = Tether;
			sourceTree = "<group>";
		};
/* End PBXGroup section */

/* Begin PBXNativeTarget section */
		000000000000000000000002 /* Tether */ = {
			isa = PBXNativeTarget;
			buildConfigurationList = 00000000000000000000000B /* Build configuration list for PBXNativeTarget "Tether" */;
			buildPhases = (
				000000000000000000000007 /* Sources */,
				000000000000000000000008 /* Frameworks */,
				000000000000000000000009 /* Resources */,
			);
			buildRules = (
			);
			dependencies = (
			);
			name = Tether;
			productName = Tether;
			productReference = 000000000000000000000003 /* Tether.app */;
			productType = "com.apple.product-type.application";
		};
/* End PBXNativeTarget section */

/* Begin PBXProject section */
		000000000000000000000001 /* Project object */ = {
			isa = PBXProject;
			attributes = {
				BuildIndependentTargetsInParallel = 1;
				LastSwiftUpdateCheck = 1500;
				LastUpgradeCheck = 1500;
				TargetAttributes = {
					000000000000000000000002 = {
						CreatedOnToolsVersion = 15.0;
					};
				};
			};
			buildConfigurationList = 00000000000000000000000A /* Build configuration list for PBXProject "Tether" */;
			compatibilityVersion = "Xcode 14.0";
			developmentRegion = en;
			hasScannedForEncodings = 0;
			knownRegions = (
				en,
				Base,
			);
			mainGroup = 000000000000000000000004;
			productRefGroup = 000000000000000000000005 /* Products */;
			projectDirPath = "";
			projectRoot = "";
			targets = (
				000000000000000000000002 /* Tether */,
			);
		};
/* End PBXProject section */

/* Begin PBXResourcesBuildPhase section */
		000000000000000000000009 /* Resources */ = {
			isa = PBXResourcesBuildPhase;
			buildActionMask = 2147483647;
			files = (
				00000000000000000000004F /* Assets.xcassets in Resources */,
			);
			runOnlyForDeploymentPostprocessing = 0;
		};
/* End PBXResourcesBuildPhase section */

/* Begin PBXSourcesBuildPhase section */
		000000000000000000000007 /* Sources */ = {
			isa = PBXSourcesBuildPhase;
			buildActionMask = 2147483647;
			files = (
				000000000000000000000011 /* CoachEngine.swift in Sources */,
				000000000000000000000013 /* CoachModels.swift in Sources */,
				000000000000000000000015 /* CoachViews.swift in Sources */,
				000000000000000000000017 /* Components.swift in Sources */,
				000000000000000000000019 /* Content.swift in Sources */,
				00000000000000000000001B /* ContentBiblical.swift in Sources */,
				00000000000000000000001D /* ContentQuranic.swift in Sources */,
				00000000000000000000001F /* ContentSecular.swift in Sources */,
				000000000000000000000021 /* ContentVedic.swift in Sources */,
				000000000000000000000023 /* CryptoService.swift in Sources */,
				000000000000000000000025 /* DemoSeed.swift in Sources */,
				000000000000000000000027 /* ExportService.swift in Sources */,
				000000000000000000000029 /* HomeViews.swift in Sources */,
				00000000000000000000002B /* JournalView.swift in Sources */,
				00000000000000000000002D /* MainTabView.swift in Sources */,
				00000000000000000000002F /* Models.swift in Sources */,
				000000000000000000000031 /* NotificationService.swift in Sources */,
				000000000000000000000033 /* NotificationViews.swift in Sources */,
				000000000000000000000035 /* OnboardingViews.swift in Sources */,
				000000000000000000000037 /* PairingViews.swift in Sources */,
				000000000000000000000039 /* PaywallView.swift in Sources */,
				00000000000000000000003B /* PulseViews.swift in Sources */,
				00000000000000000000003D /* Purchases.swift in Sources */,
				00000000000000000000003F /* Safety.swift in Sources */,
				000000000000000000000041 /* SplashView.swift in Sources */,
				000000000000000000000043 /* Store.swift in Sources */,
				000000000000000000000045 /* TetherApp.swift in Sources */,
				000000000000000000000047 /* TetherArt.swift in Sources */,
				000000000000000000000049 /* TetherIcons.swift in Sources */,
				00000000000000000000004B /* Theme.swift in Sources */,
				00000000000000000000004D /* VoiceInput.swift in Sources */,
			);
			runOnlyForDeploymentPostprocessing = 0;
		};
/* End PBXSourcesBuildPhase section */

/* Begin XCBuildConfiguration section */
		00000000000000000000000C /* Debug */ = {
			isa = XCBuildConfiguration;
			buildSettings = {
				ALWAYS_SEARCH_USER_PATHS = NO;
				CLANG_ANALYZER_NONNULL = YES;
				CLANG_ENABLE_MODULES = YES;
				CLANG_ENABLE_OBJC_ARC = YES;
				COPY_PHASE_STRIP = NO;
				DEBUG_INFORMATION_FORMAT = dwarf;
				ENABLE_STRICT_OBJC_MSGSEND = YES;
				ENABLE_TESTABILITY = YES;
				GCC_C_LANGUAGE_STANDARD = gnu17;
				GCC_NO_COMMON_BLOCKS = YES;
				GCC_OPTIMIZATION_LEVEL = 0;
				GCC_PREPROCESSOR_DEFINITIONS = (
					"DEBUG=1",
					"$(inherited)",
				);
				GCC_WARN_UNDECLARED_SELECTOR = YES;
				GCC_WARN_UNINITIALIZED_AUTOS = YES;
				GCC_WARN_UNUSED_FUNCTION = YES;
				GCC_WARN_UNUSED_VARIABLE = YES;
				IPHONEOS_DEPLOYMENT_TARGET = 17.0;
				MTL_ENABLE_DEBUG_INFO = INCLUDE_SOURCE;
				MTL_FAST_MATH = YES;
				ONLY_ACTIVE_ARCH = YES;
				SDKROOT = iphoneos;
				SWIFT_ACTIVE_COMPILATION_CONDITIONS = "DEBUG $(inherited)";
				SWIFT_EMIT_LOC_STRINGS = YES;
				SWIFT_OPTIMIZATION_LEVEL = "-Onone";
				SWIFT_VERSION = 5.9;
			};
			name = Debug;
		};
		00000000000000000000000D /* Release */ = {
			isa = XCBuildConfiguration;
			buildSettings = {
				ALWAYS_SEARCH_USER_PATHS = NO;
				CLANG_ANALYZER_NONNULL = YES;
				CLANG_ENABLE_MODULES = YES;
				CLANG_ENABLE_OBJC_ARC = YES;
				COPY_PHASE_STRIP = NO;
				DEBUG_INFORMATION_FORMAT = "dwarf-with-dsym";
				ENABLE_NS_ASSERTIONS = NO;
				ENABLE_STRICT_OBJC_MSGSEND = YES;
				GCC_C_LANGUAGE_STANDARD = gnu17;
				GCC_NO_COMMON_BLOCKS = YES;
				GCC_WARN_UNDECLARED_SELECTOR = YES;
				GCC_WARN_UNINITIALIZED_AUTOS = YES;
				GCC_WARN_UNUSED_FUNCTION = YES;
				GCC_WARN_UNUSED_VARIABLE = YES;
				IPHONEOS_DEPLOYMENT_TARGET = 17.0;
				MTL_ENABLE_DEBUG_INFO = NO;
				MTL_FAST_MATH = YES;
				SDKROOT = iphoneos;
				SWIFT_COMPILATION_MODE = wholemodule;
				SWIFT_EMIT_LOC_STRINGS = YES;
				SWIFT_OPTIMIZATION_LEVEL = "-O";
				SWIFT_VERSION = 5.9;
				VALIDATE_PRODUCT = YES;
			};
			name = Release;
		};
		00000000000000000000000E /* Debug */ = {
			isa = XCBuildConfiguration;
			buildSettings = {
				ASSETCATALOG_COMPILER_APPICON_NAME = AppIcon;
				ASSETCATALOG_COMPILER_GLOBAL_ACCENT_COLOR_NAME = AccentColor;
				CODE_SIGN_STYLE = Automatic;
				CURRENT_PROJECT_VERSION = 1;
				DEVELOPMENT_TEAM = SBAS4A63RR;
				ENABLE_PREVIEWS = YES;
				GENERATE_INFOPLIST_FILE = YES;
				INFOPLIST_KEY_NSMicrophoneUsageDescription = "Tether uses the microphone only when you tap the mic to dictate. Your voice is transcribed on this device and is never uploaded.";
				INFOPLIST_KEY_NSSpeechRecognitionUsageDescription = "Tether uses speech recognition to turn your dictation into text. Recognition runs on this device.";
				INFOPLIST_KEY_UIApplicationSceneManifest_Generation = YES;
				INFOPLIST_KEY_UIApplicationSupportsIndirectInputEvents = YES;
				INFOPLIST_KEY_UILaunchScreen_Generation = YES;
				INFOPLIST_KEY_UISupportedInterfaceOrientations_iPad = "UIInterfaceOrientationPortrait UIInterfaceOrientationPortraitUpsideDown UIInterfaceOrientationLandscapeLeft UIInterfaceOrientationLandscapeRight";
				INFOPLIST_KEY_UISupportedInterfaceOrientations_iPhone = "UIInterfaceOrientationPortrait UIInterfaceOrientationLandscapeLeft UIInterfaceOrientationLandscapeRight";
				IPHONEOS_DEPLOYMENT_TARGET = 17.0;
				LD_RUNPATH_SEARCH_PATHS = (
					"$(inherited)",
					"@executable_path/Frameworks",
				);
				MARKETING_VERSION = 1.0;
				OTHER_SWIFT_FLAGS = "-disable-sandbox";
				PRODUCT_BUNDLE_IDENTIFIER = com.tethercouples.app;
				PRODUCT_NAME = "$(TARGET_NAME)";
				SDKROOT = iphoneos;
				SWIFT_ACTIVE_COMPILATION_CONDITIONS = "DEBUG $(inherited)";
				SWIFT_EMIT_LOC_STRINGS = YES;
				SWIFT_OPTIMIZATION_LEVEL = "-Onone";
				SWIFT_VERSION = 5.9;
				TARGETED_DEVICE_FAMILY = 1;
			};
			name = Debug;
		};
		00000000000000000000000F /* Release */ = {
			isa = XCBuildConfiguration;
			buildSettings = {
				ASSETCATALOG_COMPILER_APPICON_NAME = AppIcon;
				ASSETCATALOG_COMPILER_GLOBAL_ACCENT_COLOR_NAME = AccentColor;
				CODE_SIGN_STYLE = Automatic;
				CURRENT_PROJECT_VERSION = 1;
				DEVELOPMENT_TEAM = SBAS4A63RR;
				ENABLE_PREVIEWS = YES;
				GENERATE_INFOPLIST_FILE = YES;
				INFOPLIST_KEY_NSMicrophoneUsageDescription = "Tether uses the microphone only when you tap the mic to dictate. Your voice is transcribed on this device and is never uploaded.";
				INFOPLIST_KEY_NSSpeechRecognitionUsageDescription = "Tether uses speech recognition to turn your dictation into text. Recognition runs on this device.";
				INFOPLIST_KEY_UIApplicationSceneManifest_Generation = YES;
				INFOPLIST_KEY_UIApplicationSupportsIndirectInputEvents = YES;
				INFOPLIST_KEY_UILaunchScreen_Generation = YES;
				INFOPLIST_KEY_UISupportedInterfaceOrientations_iPad = "UIInterfaceOrientationPortrait UIInterfaceOrientationPortraitUpsideDown UIInterfaceOrientationLandscapeLeft UIInterfaceOrientationLandscapeRight";
				INFOPLIST_KEY_UISupportedInterfaceOrientations_iPhone = "UIInterfaceOrientationPortrait UIInterfaceOrientationLandscapeLeft UIInterfaceOrientationLandscapeRight";
				IPHONEOS_DEPLOYMENT_TARGET = 17.0;
				LD_RUNPATH_SEARCH_PATHS = (
					"$(inherited)",
					"@executable_path/Frameworks",
				);
				MARKETING_VERSION = 1.0;
				OTHER_SWIFT_FLAGS = "-disable-sandbox";
				PRODUCT_BUNDLE_IDENTIFIER = com.tethercouples.app;
				PRODUCT_NAME = "$(TARGET_NAME)";
				SDKROOT = iphoneos;
				SWIFT_EMIT_LOC_STRINGS = YES;
				SWIFT_OPTIMIZATION_LEVEL = "-O";
				SWIFT_VERSION = 5.9;
				TARGETED_DEVICE_FAMILY = 1;
				VALIDATE_PRODUCT = YES;
			};
			name = Release;
		};
/* End XCBuildConfiguration section */

/* Begin XCConfigurationList section */
		00000000000000000000000A /* Build configuration list for PBXProject "Tether" */ = {
			isa = XCConfigurationList;
			buildConfigurations = (
				00000000000000000000000C /* Debug */,
				00000000000000000000000D /* Release */,
			);
			defaultConfigurationIsVisible = 0;
			defaultConfigurationName = Release;
		};
		00000000000000000000000B /* Build configuration list for PBXNativeTarget "Tether" */ = {
			isa = XCConfigurationList;
			buildConfigurations = (
				00000000000000000000000E /* Debug */,
				00000000000000000000000F /* Release */,
			);
			defaultConfigurationIsVisible = 0;
			defaultConfigurationName = Release;
		};
/* End XCConfigurationList section */
	};
	rootObject = 000000000000000000000001 /* Project object */;
}
